
Microsoft Visual Studio Solution File, Format Version 10.00
# Visual Studio 2008
Project("{8BC9CEB8-8B4A-11D0-8D11-00A0C91BC942}") = "warsic", "warsic.vcproj", "{9C03BFB7-36D4-4ACD-912D-8CC2E1B79552}"
EndProject
Project("{8BC9CEB8-8B4A-11D0-8D11-00A0C91BC942}") = "djengine", "C:\source.git\djengine\djengine2\build\djengine.vcproj", "{9C03BFB7-36D4-4ACC-900B-8DC2E1B79552}"
EndProject
Project("{8BC9CEB8-8B4A-11D0-8D11-00A0C91BC942}") = "djopenalsound", "C:\source.git\djengine\djengine2\build\djopenalsound.vcproj", "{C5F3945F-8EE7-41BD-A76D-557139C9C260}"
EndProject
Project("{8BC9CEB8-8B4A-11D0-8D11-00A0C91BC942}") = "djos", "C:\source.git\djengine\djengine2\build\djos.vcproj", "{9D15AD73-CA13-4775-BCAD-E26D1BEB4CAE}"
EndProject
Project("{8BC9CEB8-8B4A-11D0-8D11-00A0C91BC942}") = "gles2render", "C:\source.git\djengine\djengine2\build\gles2render.vcproj", "{9C03BFB7-36D4-4ACC-9C1B-8DC2E1B79552}"
EndProject
Global
	GlobalSection(SolutionConfigurationPlatforms) = preSolution
		Debug|Win32 = Debug|Win32
		Release|Win32 = Release|Win32
	EndGlobalSection
	GlobalSection(ProjectConfigurationPlatforms) = postSolution
		{9C03BFB7-36D4-4ACD-912D-8CC2E1B79552}.Debug|Win32.ActiveCfg = Debug|Win32
		{9C03BFB7-36D4-4ACD-912D-8CC2E1B79552}.Debug|Win32.Build.0 = Debug|Win32
		{9C03BFB7-36D4-4ACD-912D-8CC2E1B79552}.Release|Win32.ActiveCfg = Release|Win32
		{9C03BFB7-36D4-4ACD-912D-8CC2E1B79552}.Release|Win32.Build.0 = Release|Win32
		{9C03BFB7-36D4-4ACC-900B-8DC2E1B79552}.Debug|Win32.ActiveCfg = Debug|Win32
		{9C03BFB7-36D4-4ACC-900B-8DC2E1B79552}.Debug|Win32.Build.0 = Debug|Win32
		{9C03BFB7-36D4-4ACC-900B-8DC2E1B79552}.Release|Win32.ActiveCfg = Release|Win32
		{9C03BFB7-36D4-4ACC-900B-8DC2E1B79552}.Release|Win32.Build.0 = Release|Win32
		{C5F3945F-8EE7-41BD-A76D-557139C9C260}.Debug|Win32.ActiveCfg = Debug|Win32
		{C5F3945F-8EE7-41BD-A76D-557139C9C260}.Debug|Win32.Build.0 = Debug|Win32
		{C5F3945F-8EE7-41BD-A76D-557139C9C260}.Release|Win32.ActiveCfg = Release|Win32
		{C5F3945F-8EE7-41BD-A76D-557139C9C260}.Release|Win32.Build.0 = Release|Win32
		{9D15AD73-CA13-4775-BCAD-E26D1BEB4CAE}.Debug|Win32.ActiveCfg = Debug|Win32
		{9D15AD73-CA13-4775-BCAD-E26D1BEB4CAE}.Debug|Win32.Build.0 = Debug|Win32
		{9D15AD73-CA13-4775-BCAD-E26D1BEB4CAE}.Release|Win32.ActiveCfg = Release|Win32
		{9D15AD73-CA13-4775-BCAD-E26D1BEB4CAE}.Release|Win32.Build.0 = Release|Win32
		{9C03BFB7-36D4-4ACC-9C1B-8DC2E1B79552}.Debug|Win32.ActiveCfg = Debug|Win32
		{9C03BFB7-36D4-4ACC-9C1B-8DC2E1B79552}.Debug|Win32.Build.0 = Debug|Win32
		{9C03BFB7-36D4-4ACC-9C1B-8DC2E1B79552}.Release|Win32.ActiveCfg = Release|Win32
		{9C03BFB7-36D4-4ACC-9C1B-8DC2E1B79552}.Release|Win32.Build.0 = Release|Win32
	EndGlobalSection
	GlobalSection(SolutionProperties) = preSolution
		HideSolutionNode = FALSE
	EndGlobalSection
EndGlobal
